// !$*UTF8*$!
{
	archiveVersion = 1;
	classes = {
	};
	objectVersion = 50;
	objects = {

/* Begin PBXBuildFile section */
		A8DBEF3421621D150060D8FB /* AppDelegate.swift in Sources */ = {isa = PBXBuildFile; fileRef = A8DBEF3321621D150060D8FB /* AppDelegate.swift */; };
		A8DBEF3621621D150060D8FB /* ViewController.swift in Sources */ = {isa = PBXBuildFile; fileRef = A8DBEF3521621D150060D8FB /* ViewController.swift */; };
		A8DBEF3921621D150060D8FB /* Main.storyboard in Resources */ = {isa = PBXBuildFile; fileRef = A8DBEF3721621D150060D8FB /* Main.storyboard */; };
		A8DBEF3B21621D170060D8FB /* Assets.xcassets in Resources */ = {isa = PBXBuildFile; fileRef = A8DBEF3A21621D170060D8FB /* Assets.xcassets */; };
		A8DBEF3E21621D170060D8FB /* LaunchScreen.storyboard in Resources */ = {isa = PBXBuildFile; fileRef = A8DBEF3C21621D170060D8FB /* LaunchScreen.storyboard */; };
		A8DBEF4921621D170060D8FB /* ex02Tests.swift in Sources */ = {isa = PBXBuildFile; fileRef = A8DBEF4821621D170060D8FB /* ex02Tests.swift */; };
		A8DBEF5421621D170060D8FB /* ex02UITests.swift in Sources */ = {isa = PBXBuildFile; fileRef = A8DBEF5321621D170060D8FB /* ex02UITests.swift */; };
/* End PBXBuildFile section */

/* Begin PBXContainerItemProxy section */
		A8DBEF4521621D170060D8FB /* PBXContainerItemProxy */ = {
			isa = PBXContainerItemProxy;
			containerPortal = A8DBEF2821621D150060D8FB /* Project object */;
			proxyType = 1;
			remoteGlobalIDString = A8DBEF2F21621D150060D8FB;
			remoteInfo = ex02;
		};
		A8DBEF5021621D170060D8FB /* PBXContainerItemProxy */ = {
			isa = PBXContainerItemProxy;
			containerPortal = A8DBEF2821621D150060D8FB /* Project object */;
			proxyType = 1;
			remoteGlobalIDString = A8DBEF2F21621D150060D8FB;
			remoteInfo = ex02;
		};
/* End PBXContainerItemProxy section */

/* Begin PBXFileReference section */
		A8DBEF3021621D150060D8FB /* ex02.app */ = {isa = PBXFileReference; explicitFileType = wrapper.application; includeInIndex = 0; path = ex02.app; sourceTree = BUILT_PRODUCTS_DIR; };
		A8DBEF3321621D150060D8FB /* AppDelegate.swift */ = {isa = PBXFileReference; lastKnownFileType = sourcecode.swift; path = AppDelegate.swift; sourceTree = "<group>"; };
		A8DBEF3521621D150060D8FB /* ViewController.swift */ = {isa = PBXFileReference; lastKnownFileType = sourcecode.swift; path = ViewController.swift; sourceTree = "<group>"; };
		A8DBEF3821621D150060D8FB /* Base */ = {isa = PBXFileReference; lastKnownFileType = file.storyboard; name = Base; path = Base.lproj/Main.storyboard; sourceTree = "<group>"; };
		A8DBEF3A21621D170060D8FB /* Assets.xcassets */ = {isa = PBXFileReference; lastKnownFileType = folder.assetcatalog; path = Assets.xcassets; sourceTree = "<group>"; };
		A8DBEF3D21621D170060D8FB /* Base */ = {isa = PBXFileReference; lastKnownFileType = file.storyboard; name = Base; path = Base.lproj/LaunchScreen.storyboard; sourceTree = "<group>"; };
		A8DBEF3F21621D170060D8FB /* Info.plist */ = {isa = PBXFileReference; lastKnownFileType = text.plist.xml; path = Info.plist; sourceTree = "<group>"; };
		A8DBEF4421621D170060D8FB /* ex02Tests.xctest */ = {isa = PBXFileReference; explicitFileType = wrapper.cfbundle; includeInIndex = 0; path = ex02Tests.xctest; sourceTree = BUILT_PRODUCTS_DIR; };
		A8DBEF4821621D170060D8FB /* ex02Tests.swift */ = {isa = PBXFileReference; lastKnownFileType = sourcecode.swift; path = ex02Tests.swift; sourceTree = "<group>"; };
		A8DBEF4A21621D170060D8FB /* Info.plist */ = {isa = PBXFileReference; lastKnownFileType = text.plist.xml; path = Info.plist; sourceTree = "<group>"; };
		A8DBEF4F21621D170060D8FB /* ex02UITests.xctest */ = {isa = PBXFileReference; explicitFileType = wrapper.cfbundle; includeInIndex = 0; path = ex02UITests.xctest; sourceTree = BUILT_PRODUCTS_DIR; };
		A8DBEF5321621D170060D8FB /* ex02UITests.swift */ = {isa = PBXFileReference; lastKnownFileType = sourcecode.swift; path = ex02UITests.swift; sourceTree = "<group>"; };
		A8DBEF5521621D170060D8FB /* Info.plist */ = {isa = PBXFileReference; lastKnownFileType = text.plist.xml; path = Info.plist; sourceTree = "<group>"; };
/* End PBXFileReference section */

/* Begin PBXFrameworksBuildPhase section */
		A8DBEF2D21621D150060D8FB /* Frameworks */ = {
			isa = PBXFrameworksBuildPhase;
			buildActionMask = 2147483647;
			files = (
			);
			runOnlyForDeploymentPostprocessing = 0;
		};
		A8DBEF4121621D170060D8FB /* Frameworks */ = {
			isa = PBXFrameworksBuildPhase;
			buildActionMask = 2147483647;
			files = (
			);
			runOnlyForDeploymentPostprocessing = 0;
		};
		A8DBEF4C21621D170060D8FB /* Frameworks */ = {
			isa = PBXFrameworksBuildPhase;
			buildActionMask = 2147483647;
			files = (
			);
			runOnlyForDeploymentPostprocessing = 0;
		};
/* End PBXFrameworksBuildPhase section */

/* Begin PBXGroup section */
		A8DBEF2721621D150060D8FB = {
			isa = PBXGroup;
			children = (
				A8DBEF3221621D150060D8FB /* ex02 */,
				A8DBEF4721621D170060D8FB /* ex02Tests */,
				A8DBEF5221621D170060D8FB /* ex02UITests */,
				A8DBEF3121621D150060D8FB /* Products */,
			);
			sourceTree = "<group>";
		};
		A8DBEF3121621D150060D8FB /* Products */ = {
			isa = PBXGroup;
			children = (
				A8DBEF3021621D150060D8FB /* ex02.app */,
				A8DBEF4421621D170060D8FB /* ex02Tests.xctest */,
				A8DBEF4F21621D170060D8FB /* ex02UITests.xctest */,
			);
			name = Products;
			sourceTree = "<group>";
		};
		A8DBEF3221621D150060D8FB /* ex02 */ = {
			isa = PBXGroup;
			children = (
				A8DBEF3321621D150060D8FB /* AppDelegate.swift */,
				A8DBEF3521621D150060D8FB /* ViewController.swift */,
				A8DBEF3721621D150060D8FB /* Main.storyboard */,
				A8DBEF3A21621D170060D8FB /* Assets.xcassets */,
				A8DBEF3C21621D170060D8FB /* LaunchScreen.storyboard */,
				A8DBEF3F21621D170060D8FB /* Info.plist */,
			);
			path = ex02;
			sourceTree = "<group>";
		};
		A8DBEF4721621D170060D8FB /* ex02Tests */ = {
			isa = PBXGroup;
			children = (
				A8DBEF4821621D170060D8FB /* ex02Tests.swift */,
				A8DBEF4A21621D170060D8FB /* Info.plist */,
			);
			path = ex02Tests;
			sourceTree = "<group>";
		};
		A8DBEF5221621D170060D8FB /* ex02UITests */ = {
			isa = PBXGroup;
			children = (
				A8DBEF5321621D170060D8FB /* ex02UITests.swift */,
				A8DBEF5521621D170060D8FB /* Info.plist */,
			);
			path = ex02UITests;
			sourceTree = "<group>";
		};
/* End PBXGroup section */

/* Begin PBXNativeTarget section */
		A8DBEF2F21621D150060D8FB /* ex02 */ = {
			isa = PBXNativeTarget;
			buildConfigurationList = A8DBEF5821621D170060D8FB /* Build configuration list for PBXNativeTarget "ex02" */;
			buildPhases = (
				A8DBEF2C21621D150060D8FB /* Sources */,
				A8DBEF2D21621D150060D8FB /* Frameworks */,
				A8DBEF2E21621D150060D8FB /* Resources */,
			);
			buildRules = (
			);
			dependencies = (
			);
			name = ex02;
			productName = ex02;
			productReference = A8DBEF3021621D150060D8FB /* ex02.app */;
			productType = "com.apple.product-type.application";
		};
		A8DBEF4321621D170060D8FB /* ex02Tests */ = {
			isa = PBXNativeTarget;
			buildConfigurationList = A8DBEF5B21621D170060D8FB /* Build configuration list for PBXNativeTarget "ex02Tests" */;
			buildPhases = (
				A8DBEF4021621D170060D8FB /* Sources */,
				A8DBEF4121621D170060D8FB /* Frameworks */,
				A8DBEF4221621D170060D8FB /* Resources */,
			);
			buildRules = (
			);
			dependencies = (
				A8DBEF4621621D170060D8FB /* PBXTargetDependency */,
			);
			name = ex02Tests;
			productName = ex02Tests;
			productReference = A8DBEF4421621D170060D8FB /* ex02Tests.xctest */;
			productType = "com.apple.product-type.bundle.unit-test";
		};
		A8DBEF4E21621D170060D8FB /* ex02UITests */ = {
			isa = PBXNativeTarget;
			buildConfigurationList = A8DBEF5E21621D170060D8FB /* Build configuration list for PBXNativeTarget "ex02UITests" */;
			buildPhases = (
				A8DBEF4B21621D170060D8FB /* Sources */,
				A8DBEF4C21621D170060D8FB /* Frameworks */,
				A8DBEF4D21621D170060D8FB /* Resources */,
			);
			buildRules = (
			);
			dependencies = (
				A8DBEF5121621D170060D8FB /* PBXTargetDependency */,
			);
			name = ex02UITests;
			productName = ex02UITests;
			productReference = A8DBEF4F21621D170060D8FB /* ex02UITests.xctest */;
			productType = "com.apple.product-type.bundle.ui-testing";
		};
/* End PBXNativeTarget section */

/* Begin PBXProject section */
		A8DBEF2821621D150060D8FB /* Project object */ = {
			isa = PBXProject;
			attributes = {
				LastSwiftUpdateCheck = 0940;
				LastUpgradeCheck = 0940;
				ORGANIZATIONNAME = "Phumudzo NEVHUTALA";
				TargetAttributes = {
					A8DBEF2F21621D150060D8FB = {
						CreatedOnToolsVersion = 9.4.1;
					};
					A8DBEF4321621D170060D8FB = {
						CreatedOnToolsVersion = 9.4.1;
						TestTargetID = A8DBEF2F21621D150060D8FB;
					};
					A8DBEF4E21621D170060D8FB = {
						CreatedOnToolsVersion = 9.4.1;
						TestTargetID = A8DBEF2F21621D150060D8FB;
					};
				};
			};
			buildConfigurationList = A8DBEF2B21621D150060D8FB /* Build configuration list for PBXProject "ex02" */;
			compatibilityVersion = "Xcode 9.3";
			developmentRegion = en;
			hasScannedForEncodings = 0;
			knownRegions = (
				en,
				Base,
			);
			mainGroup = A8DBEF2721621D150060D8FB;
			productRefGroup = A8DBEF3121621D150060D8FB /* Products */;
			projectDirPath = "";
			projectRoot = "";
			targets = (
				A8DBEF2F21621D150060D8FB /* ex02 */,
				A8DBEF4321621D170060D8FB /* ex02Tests */,
				A8DBEF4E21621D170060D8FB /* ex02UITests */,
			);
		};
/* End PBXProject section */

/* Begin PBXResourcesBuildPhase section */
		A8DBEF2E21621D150060D8FB /* Resources */ = {
			isa = PBXResourcesBuildPhase;
			buildActionMask = 2147483647;
			files = (
				A8DBEF3E21621D170060D8FB /* LaunchScreen.storyboard in Resources */,
				A8DBEF3B21621D170060D8FB /* Assets.xcassets in Resources */,
				A8DBEF3921621D150060D8FB /* Main.storyboard in Resources */,
			);
			runOnlyForDeploymentPostprocessing = 0;
		};
		A8DBEF4221621D170060D8FB /* Resources */ = {
			isa = PBXResourcesBuildPhase;
			buildActionMask = 2147483647;
			files = (
			);
			runOnlyForDeploymentPostprocessing = 0;
		};
		A8DBEF4D21621D170060D8FB /* Resources */ = {
			isa = PBXResourcesBuildPhase;
			buildActionMask = 2147483647;
			files = (
			);
			runOnlyForDeploymentPostprocessing = 0;
		};
/* End PBXResourcesBuildPhase section */

/* Begin PBXSourcesBuildPhase section */
		A8DBEF2C21621D150060D8FB /* Sources */ = {
			isa = PBXSourcesBuildPhase;
			buildActionMask = 2147483647;
			files = (
				A8DBEF3621621D150060D8FB /* ViewController.swift in Sources */,
				A8DBEF3421621D150060D8FB /* AppDelegate.swift in Sources */,
			);
			runOnlyForDeploymentPostprocessing = 0;
		};
		A8DBEF4021621D170060D8FB /* Sources */ = {
			isa = PBXSourcesBuildPhase;
			buildActionMask = 2147483647;
			files = (
				A8DBEF4921621D170060D8FB /* ex02Tests.swift in Sources */,
			);
			runOnlyForDeploymentPostprocessing = 0;
		};
		A8DBEF4B21621D170060D8FB /* Sources */ = {
			isa = PBXSourcesBuildPhase;
			buildActionMask = 2147483647;
			files = (
				A8DBEF5421621D170060D8FB /* ex02UITests.swift in Sources */,
			);
			runOnlyForDeploymentPostprocessing = 0;
		};
/* End PBXSourcesBuildPhase section */

/* Begin PBXTargetDependency section */
		A8DBEF4621621D170060D8FB /* PBXTargetDependency */ = {
			isa = PBXTargetDependency;
			target = A8DBEF2F21621D150060D8FB /* ex02 */;
			targetProxy = A8DBEF4521621D170060D8FB /* PBXContainerItemProxy */;
		};
		A8DBEF5121621D170060D8FB /* PBXTargetDependency */ = {
			isa = PBXTargetDependency;
			target = A8DBEF2F21621D150060D8FB /* ex02 */;
			targetProxy = A8DBEF5021621D170060D8FB /* PBXContainerItemProxy */;
		};
/* End PBXTargetDependency section */

/* Begin PBXVariantGroup section */
		A8DBEF3721621D150060D8FB /* Main.storyboard */ = {
			isa = PBXVariantGroup;
			children = (
				A8DBEF3821621D150060D8FB /* Base */,
			);
			name = Main.storyboard;
			sourceTree = "<group>";
		};
		A8DBEF3C21621D170060D8FB /* LaunchScreen.storyboard */ = {
			isa = PBXVariantGroup;
			children = (
				A8DBEF3D21621D170060D8FB /* Base */,
			);
			name = LaunchScreen.storyboard;
			sourceTree = "<group>";
		};
/* End PBXVariantGroup section */

/* Begin XCBuildConfiguration section */
		A8DBEF5621621D170060D8FB /* Debug */ = {
			isa = XCBuildConfiguration;
			buildSettings = {
				ALWAYS_SEARCH_USER_PATHS = NO;
				CLANG_ANALYZER_NONNULL = YES;
				CLANG_ANALYZER_NUMBER_OBJECT_CONVERSION = YES_AGGRESSIVE;
				CLANG_CXX_LANGUAGE_STANDARD = "gnu++14";
				CLANG_CXX_LIBRARY = "libc++";
				CLANG_ENABLE_MODULES = YES;
				CLANG_ENABLE_OBJC_ARC = YES;
				CLANG_ENABLE_OBJC_WEAK = YES;
				CLANG_WARN_BLOCK_CAPTURE_AUTORELEASING = YES;
				CLANG_WARN_BOOL_CONVERSION = YES;
				CLANG_WARN_COMMA = YES;
				CLANG_WARN_CONSTANT_CONVERSION = YES;
				CLANG_WARN_DEPRECATED_OBJC_IMPLEMENTATIONS = YES;
				CLANG_WARN_DIRECT_OBJC_ISA_USAGE = YES_ERROR;
				CLANG_WARN_DOCUMENTATION_COMMENTS = YES;
				CLANG_WARN_EMPTY_BODY = YES;
				CLANG_WARN_ENUM_CONVERSION = YES;
				CLANG_WARN_INFINITE_RECURSION = YES;
				CLANG_WARN_INT_CONVERSION = YES;
				CLANG_WARN_NON_LITERAL_NULL_CONVERSION = YES;
				CLANG_WARN_OBJC_IMPLICIT_RETAIN_SELF = YES;
				CLANG_WARN_OBJC_LITERAL_CONVERSION = YES;
				CLANG_WARN_OBJC_ROOT_CLASS = YES_ERROR;
				CLANG_WARN_RANGE_LOOP_ANALYSIS = YES;
				CLANG_WARN_STRICT_PROTOTYPES = YES;
				CLANG_WARN_SUSPICIOUS_MOVE = YES;
				CLANG_WARN_UNGUARDED_AVAILABILITY = YES_AGGRESSIVE;
				CLANG_WARN_UNREACHABLE_CODE = YES;
				CLANG_WARN__DUPLICATE_METHOD_MATCH = YES;
				CODE_SIGN_IDENTITY = "iPhone Developer";
				COPY_PHASE_STRIP = NO;
				DEBUG_INFORMATION_FORMAT = dwarf;
				ENABLE_STRICT_OBJC_MSGSEND = YES;
				ENABLE_TESTABILITY = YES;
				GCC_C_LANGUAGE_STANDARD = gnu11;
				GCC_DYNAMIC_NO_PIC = NO;
				GCC_NO_COMMON_BLOCKS = YES;
				GCC_OPTIMIZATION_LEVEL = 0;
				GCC_PREPROCESSOR_DEFINITIONS = (
					"DEBUG=1",
					"$(inherited)",
				);
				GCC_WARN_64_TO_32_BIT_CONVERSION = YES;
				GCC_WARN_ABOUT_RETURN_TYPE = YES_ERROR;
				GCC_WARN_UNDECLARED_SELECTOR = YES;
				GCC_WARN_UNINITIALIZED_AUTOS = YES_AGGRESSIVE;
				GCC_WARN_UNUSED_FUNCTION = YES;
				GCC_WARN_UNUSED_VARIABLE = YES;
				IPHONEOS_DEPLOYMENT_TARGET = 11.4;
				MTL_ENABLE_DEBUG_INFO = YES;
				ONLY_ACTIVE_ARCH = YES;
				SDKROOT = iphoneos;
				SWIFT_ACTIVE_COMPILATION_CONDITIONS = DEBUG;
				SWIFT_OPTIMIZATION_LEVEL = "-Onone";
			};
			name = Debug;
		};
		A8DBEF5721621D170060D8FB /* Release */ = {
			isa = XCBuildConfiguration;
			buildSettings = {
				ALWAYS_SEARCH_USER_PATHS = NO;
				CLANG_ANALYZER_NONNULL = YES;
				CLANG_ANALYZER_NUMBER_OBJECT_CONVERSION = YES_AGGRESSIVE;
				CLANG_CXX_LANGUAGE_STANDARD = "gnu++14";
				CLANG_CXX_LIBRARY = "libc++";
				CLANG_ENABLE_MODULES = YES;
				CLANG_ENABLE_OBJC_ARC = YES;
				CLANG_ENABLE_OBJC_WEAK = YES;
				CLANG_WARN_BLOCK_CAPTURE_AUTORELEASING = YES;
				CLANG_WARN_BOOL_CONVERSION = YES;
				CLANG_WARN_COMMA = YES;
				CLANG_WARN_CONSTANT_CONVERSION = YES;
				CLANG_WARN_DEPRECATED_OBJC_IMPLEMENTATIONS = YES;
				CLANG_WARN_DIRECT_OBJC_ISA_USAGE = YES_ERROR;
				CLANG_WARN_DOCUMENTATION_COMMENTS = YES;
				CLANG_WARN_EMPTY_BODY = YES;
				CLANG_WARN_ENUM_CONVERSION = YES;
				CLANG_WARN_INFINITE_RECURSION = YES;
				CLANG_WARN_INT_CONVERSION = YES;
				CLANG_WARN_NON_LITERAL_NULL_CONVERSION = YES;
				CLANG_WARN_OBJC_IMPLICIT_RETAIN_SELF = YES;
				CLANG_WARN_OBJC_LITERAL_CONVERSION = YES;
				CLANG_WARN_OBJC_ROOT_CLASS = YES_ERROR;
				CLANG_WARN_RANGE_LOOP_ANALYSIS = YES;
				CLANG_WARN_STRICT_PROTOTYPES = YES;
				CLANG_WARN_SUSPICIOUS_MOVE = YES;
				CLANG_WARN_UNGUARDED_AVAILABILITY = YES_AGGRESSIVE;
				CLANG_WARN_UNREACHABLE_CODE = YES;
				CLANG_WARN__DUPLICATE_METHOD_MATCH = YES;
				CODE_SIGN_IDENTITY = "iPhone Developer";
				COPY_PHASE_STRIP = NO;
				DEBUG_INFORMATION_FORMAT = "dwarf-with-dsym";
				ENABLE_NS_ASSERTIONS = NO;
				ENABLE_STRICT_OBJC_MSGSEND = YES;
				GCC_C_LANGUAGE_STANDARD = gnu11;
				GCC_NO_COMMON_BLOCKS = YES;
				GCC_WARN_64_TO_32_BIT_CONVERSION = YES;
				GCC_WARN_ABOUT_RETURN_TYPE = YES_ERROR;
				GCC_WARN_UNDECLARED_SELECTOR = YES;
				GCC_WARN_UNINITIALIZED_AUTOS = YES_AGGRESSIVE;
				GCC_WARN_UNUSED_FUNCTION = YES;
				GCC_WARN_UNUSED_VARIABLE = YES;
				IPHONEOS_DEPLOYMENT_TARGET = 11.4;
				MTL_ENABLE_DEBUG_INFO = NO;
				SDKROOT = iphoneos;
				SWIFT_COMPILATION_MODE = wholemodule;
				SWIFT_OPTIMIZATION_LEVEL = "-O";
				VALIDATE_PRODUCT = YES;
			};
			name = Release;
		};
		A8DBEF5921621D170060D8FB /* Debug */ = {
			isa = XCBuildConfiguration;
			buildSettings = {
				ASSETCATALOG_COMPILER_APPICON_NAME = AppIcon;
				CODE_SIGN_STYLE = Automatic;
				INFOPLIST_FILE = ex02/Info.plist;
				LD_RUNPATH_SEARCH_PATHS = (
					"$(inherited)",
					"@executable_path/Frameworks",
				);
				PRODUCT_BUNDLE_IDENTIFIER = com.wethinkcode.ex02;
				PRODUCT_NAME = "$(TARGET_NAME)";
				SWIFT_VERSION = 4.0;
				TARGETED_DEVICE_FAMILY = "1,2";
			};
			name = Debug;
		};
		A8DBEF5A21621D170060D8FB /* Release */ = {
			isa = XCBuildConfiguration;
			buildSettings = {
				ASSETCATALOG_COMPILER_APPICON_NAME = AppIcon;
				CODE_SIGN_STYLE = Automatic;
				INFOPLIST_FILE = ex02/Info.plist;
				LD_RUNPATH_SEARCH_PATHS = (
					"$(inherited)",
					"@executable_path/Frameworks",
				);
				PRODUCT_BUNDLE_IDENTIFIER = com.wethinkcode.ex02;
				PRODUCT_NAME = "$(TARGET_NAME)";
				SWIFT_VERSION = 4.0;
				TARGETED_DEVICE_FAMILY = "1,2";
			};
			name = Release;
		};
		A8DBEF5C21621D170060D8FB /* Debug */ = {
			isa = XCBuildConfiguration;
			buildSettings = {
				ALWAYS_EMBED_SWIFT_STANDARD_LIBRARIES = YES;
				BUNDLE_LOADER = "$(TEST_HOST)";
				CODE_SIGN_STYLE = Automatic;
				INFOPLIST_FILE = ex02Tests/Info.plist;
				LD_RUNPATH_SEARCH_PATHS = (
					"$(inherited)",
					"@executable_path/Frameworks",
					"@loader_path/Frameworks",
				);
				PRODUCT_BUNDLE_IDENTIFIER = com.wethinkcode.ex02Tests;
				PRODUCT_NAME = "$(TARGET_NAME)";
				SWIFT_VERSION = 4.0;
				TARGETED_DEVICE_FAMILY = "1,2";
				TEST_HOST = "$(BUILT_PRODUCTS_DIR)/ex02.app/ex02";
			};
			name = Debug;
		};
		A8DBEF5D21621D170060D8FB /* Release */ = {
			isa = XCBuildConfiguration;
			buildSettings = {
				ALWAYS_EMBED_SWIFT_STANDARD_LIBRARIES = YES;
				BUNDLE_LOADER = "$(TEST_HOST)";
				CODE_SIGN_STYLE = Automatic;
				INFOPLIST_FILE = ex02Tests/Info.plist;
				LD_RUNPATH_SEARCH_PATHS = (
					"$(inherited)",
					"@executable_path/Frameworks",
					"@loader_path/Frameworks",
				);
				PRODUCT_BUNDLE_IDENTIFIER = com.wethinkcode.ex02Tests;
				PRODUCT_NAME = "$(TARGET_NAME)";
				SWIFT_VERSION = 4.0;
				TARGETED_DEVICE_FAMILY = "1,2";
				TEST_HOST = "$(BUILT_PRODUCTS_DIR)/ex02.app/ex02";
			};
			name = Release;
		};
		A8DBEF5F21621D170060D8FB /* Debug */ = {
			isa = XCBuildConfiguration;
			buildSettings = {
				ALWAYS_EMBED_SWIFT_STANDARD_LIBRARIES = YES;
				CODE_SIGN_STYLE = Automatic;
				INFOPLIST_FILE = ex02UITests/Info.plist;
				LD_RUNPATH_SEARCH_PATHS = (
					"$(inherited)",
					"@executable_path/Frameworks",
					"@loader_path/Frameworks",
				);
				PRODUCT_BUNDLE_IDENTIFIER = com.wethinkcode.ex02UITests;
				PRODUCT_NAME = "$(TARGET_NAME)";
				SWIFT_VERSION = 4.0;
				TARGETED_DEVICE_FAMILY = "1,2";
				TEST_TARGET_NAME = ex02;
			};
			name = Debug;
		};
		A8DBEF6021621D170060D8FB /* Release */ = {
			isa = XCBuildConfiguration;
			buildSettings = {
				ALWAYS_EMBED_SWIFT_STANDARD_LIBRARIES = YES;
				CODE_SIGN_STYLE = Automatic;
				INFOPLIST_FILE = ex02UITests/Info.plist;
				LD_RUNPATH_SEARCH_PATHS = (
					"$(inherited)",
					"@executable_path/Frameworks",
					"@loader_path/Frameworks",
				);
				PRODUCT_BUNDLE_IDENTIFIER = com.wethinkcode.ex02UITests;
				PRODUCT_NAME = "$(TARGET_NAME)";
				SWIFT_VERSION = 4.0;
				TARGETED_DEVICE_FAMILY = "1,2";
				TEST_TARGET_NAME = ex02;
			};
			name = Release;
		};
/* End XCBuildConfiguration section */

/* Begin XCConfigurationList section */
		A8DBEF2B21621D150060D8FB /* Build configuration list for PBXProject "ex02" */ = {
			isa = XCConfigurationList;
			buildConfigurations = (
				A8DBEF5621621D170060D8FB /* Debug */,
				A8DBEF5721621D170060D8FB /* Release */,
			);
			defaultConfigurationIsVisible = 0;
			defaultConfigurationName = Release;
		};
		A8DBEF5821621D170060D8FB /* Build configuration list for PBXNativeTarget "ex02" */ = {
			isa = XCConfigurationList;
			buildConfigurations = (
				A8DBEF5921621D170060D8FB /* Debug */,
				A8DBEF5A21621D170060D8FB /* Release */,
			);
			defaultConfigurationIsVisible = 0;
			defaultConfigurationName = Release;
		};
		A8DBEF5B21621D170060D8FB /* Build configuration list for PBXNativeTarget "ex02Tests" */ = {
			isa = XCConfigurationList;
			buildConfigurations = (
				A8DBEF5C21621D170060D8FB /* Debug */,
				A8DBEF5D21621D170060D8FB /* Release */,
			);
			defaultConfigurationIsVisible = 0;
			defaultConfigurationName = Release;
		};
		A8DBEF5E21621D170060D8FB /* Build configuration list for PBXNativeTarget "ex02UITests" */ = {
			isa = XCConfigurationList;
			buildConfigurations = (
				A8DBEF5F21621D170060D8FB /* Debug */,
				A8DBEF6021621D170060D8FB /* Release */,
			);
			defaultConfigurationIsVisible = 0;
			defaultConfigurationName = Release;
		};
/* End XCConfigurationList section */
	};
	rootObject = A8DBEF2821621D150060D8FB /* Project object */;
}
